
Microsoft Visual Studio Solution File, Format Version 12.00
# Visual Studio 2012
Project("{FAE04EC0-301F-11D3-BF4B-00C04F79EFBC}") = "Xamarin.Android.Tooltips", "Xamarin.Android.Tooltips\Xamarin.Android.Tooltips.csproj", "{0D92DCAF-9A3A-4E7D-B593-ABD47E02A465}"
EndProject
Global
	GlobalSection(SolutionConfigurationPlatforms) = preSolution
		Debug|Any CPU = Debug|Any CPU
		Release|Any CPU = Release|Any CPU
	EndGlobalSection
	GlobalSection(ProjectConfigurationPlatforms) = postSolution
		{0D92DCAF-9A3A-4E7D-B593-ABD47E02A465}.Debug|Any CPU.ActiveCfg = Debug|Any CPU
		{0D92DCAF-9A3A-4E7D-B593-ABD47E02A465}.Debug|Any CPU.Build.0 = Debug|Any CPU
		{0D92DCAF-9A3A-4E7D-B593-ABD47E02A465}.Release|Any CPU.ActiveCfg = Release|Any CPU
		{0D92DCAF-9A3A-4E7D-B593-ABD47E02A465}.Release|Any CPU.Build.0 = Release|Any CPU
	EndGlobalSection
EndGlobal
